
Microsoft Visual Studio Solution File, Format Version 12.00
# Visual Studio Version 16
VisualStudioVersion = 16.0.30523.141
MinimumVisualStudioVersion = 10.0.40219.1
Project("{FAE04EC0-301F-11D3-BF4B-00C04F79EFBC}") = "SumOfDigits", "SumOfDigits\SumOfDigits.csproj", "{4E127696-D2B9-4168-8FB9-0572C6B1BE63}"
EndProject
Global
	GlobalSection(SolutionConfigurationPlatforms) = preSolution
		Debug|Any CPU = Debug|Any CPU
		Release|Any CPU = Release|Any CPU
	EndGlobalSection
	GlobalSection(ProjectConfigurationPlatforms) = postSolution
		{4E127696-D2B9-4168-8FB9-0572C6B1BE63}.Debug|Any CPU.ActiveCfg = Debug|Any CPU
		{4E127696-D2B9-4168-8FB9-0572C6B1BE63}.Debug|Any CPU.Build.0 = Debug|Any CPU
		{4E127696-D2B9-4168-8FB9-0572C6B1BE63}.Release|Any CPU.ActiveCfg = Release|Any CPU
		{4E127696-D2B9-4168-8FB9-0572C6B1BE63}.Release|Any CPU.Build.0 = Release|Any CPU
	EndGlobalSection
	GlobalSection(SolutionProperties) = preSolution
		HideSolutionNode = FALSE
	EndGlobalSection
	GlobalSection(ExtensibilityGlobals) = postSolution
		SolutionGuid = {4871FDEE-C1F6-47E0-870B-97ADF368FADA}
	EndGlobalSection
EndGlobal
