
Microsoft Visual Studio Solution File, Format Version 12.00
# Visual Studio Version 16
VisualStudioVersion = 16.0.30523.141
MinimumVisualStudioVersion = 10.0.40219.1
Project("{FAE04EC0-301F-11D3-BF4B-00C04F79EFBC}") = "CheckFile", "CheckFile\CheckFile.csproj", "{7B558C75-722E-40E5-8B08-E11F623BD148}"
EndProject
Global
	GlobalSection(SolutionConfigurationPlatforms) = preSolution
		Debug|Any CPU = Debug|Any CPU
		Release|Any CPU = Release|Any CPU
	EndGlobalSection
	GlobalSection(ProjectConfigurationPlatforms) = postSolution
		{7B558C75-722E-40E5-8B08-E11F623BD148}.Debug|Any CPU.ActiveCfg = Debug|Any CPU
		{7B558C75-722E-40E5-8B08-E11F623BD148}.Debug|Any CPU.Build.0 = Debug|Any CPU
		{7B558C75-722E-40E5-8B08-E11F623BD148}.Release|Any CPU.ActiveCfg = Release|Any CPU
		{7B558C75-722E-40E5-8B08-E11F623BD148}.Release|Any CPU.Build.0 = Release|Any CPU
	EndGlobalSection
	GlobalSection(SolutionProperties) = preSolution
		HideSolutionNode = FALSE
	EndGlobalSection
	GlobalSection(ExtensibilityGlobals) = postSolution
		SolutionGuid = {D93A1FE9-ECCE-4BFE-86E1-B15DBF009C9F}
	EndGlobalSection
EndGlobal
