
Microsoft Visual Studio Solution File, Format Version 12.00
# Visual Studio Version 16
VisualStudioVersion = 16.0.30523.141
MinimumVisualStudioVersion = 10.0.40219.1
Project("{FAE04EC0-301F-11D3-BF4B-00C04F79EFBC}") = "AdditionMouseUp", "AdditionMouseUp\AdditionMouseUp.csproj", "{546DBBAE-16F7-4CCE-A92C-C8BFA4899908}"
EndProject
Global
	GlobalSection(SolutionConfigurationPlatforms) = preSolution
		Debug|Any CPU = Debug|Any CPU
		Release|Any CPU = Release|Any CPU
	EndGlobalSection
	GlobalSection(ProjectConfigurationPlatforms) = postSolution
		{546DBBAE-16F7-4CCE-A92C-C8BFA4899908}.Debug|Any CPU.ActiveCfg = Debug|Any CPU
		{546DBBAE-16F7-4CCE-A92C-C8BFA4899908}.Debug|Any CPU.Build.0 = Debug|Any CPU
		{546DBBAE-16F7-4CCE-A92C-C8BFA4899908}.Release|Any CPU.ActiveCfg = Release|Any CPU
		{546DBBAE-16F7-4CCE-A92C-C8BFA4899908}.Release|Any CPU.Build.0 = Release|Any CPU
	EndGlobalSection
	GlobalSection(SolutionProperties) = preSolution
		HideSolutionNode = FALSE
	EndGlobalSection
	GlobalSection(ExtensibilityGlobals) = postSolution
		SolutionGuid = {3F6820DD-58AE-4F98-828B-926C8956E09C}
	EndGlobalSection
EndGlobal
