
Microsoft Visual Studio Solution File, Format Version 12.00
# Visual Studio Version 16
VisualStudioVersion = 16.0.30523.141
MinimumVisualStudioVersion = 10.0.40219.1
Project("{FAE04EC0-301F-11D3-BF4B-00C04F79EFBC}") = "CopyFile", "CopyFile\CopyFile.csproj", "{36A4CB8C-D35B-4B2A-BE89-D6BAFC976763}"
EndProject
Global
	GlobalSection(SolutionConfigurationPlatforms) = preSolution
		Debug|Any CPU = Debug|Any CPU
		Release|Any CPU = Release|Any CPU
	EndGlobalSection
	GlobalSection(ProjectConfigurationPlatforms) = postSolution
		{36A4CB8C-D35B-4B2A-BE89-D6BAFC976763}.Debug|Any CPU.ActiveCfg = Debug|Any CPU
		{36A4CB8C-D35B-4B2A-BE89-D6BAFC976763}.Debug|Any CPU.Build.0 = Debug|Any CPU
		{36A4CB8C-D35B-4B2A-BE89-D6BAFC976763}.Release|Any CPU.ActiveCfg = Release|Any CPU
		{36A4CB8C-D35B-4B2A-BE89-D6BAFC976763}.Release|Any CPU.Build.0 = Release|Any CPU
	EndGlobalSection
	GlobalSection(SolutionProperties) = preSolution
		HideSolutionNode = FALSE
	EndGlobalSection
	GlobalSection(ExtensibilityGlobals) = postSolution
		SolutionGuid = {70D8D3F0-C257-47F4-982F-A929D4130A93}
	EndGlobalSection
EndGlobal
