
Microsoft Visual Studio Solution File, Format Version 12.00
# Visual Studio Version 16
VisualStudioVersion = 16.0.30523.141
MinimumVisualStudioVersion = 10.0.40219.1
Project("{FAE04EC0-301F-11D3-BF4B-00C04F79EFBC}") = "BinaryToDecimal", "BinaryToDecimal\BinaryToDecimal.csproj", "{E158B62C-ECF8-45D6-8857-A475885A9631}"
EndProject
Global
	GlobalSection(SolutionConfigurationPlatforms) = preSolution
		Debug|Any CPU = Debug|Any CPU
		Release|Any CPU = Release|Any CPU
	EndGlobalSection
	GlobalSection(ProjectConfigurationPlatforms) = postSolution
		{E158B62C-ECF8-45D6-8857-A475885A9631}.Debug|Any CPU.ActiveCfg = Debug|Any CPU
		{E158B62C-ECF8-45D6-8857-A475885A9631}.Debug|Any CPU.Build.0 = Debug|Any CPU
		{E158B62C-ECF8-45D6-8857-A475885A9631}.Release|Any CPU.ActiveCfg = Release|Any CPU
		{E158B62C-ECF8-45D6-8857-A475885A9631}.Release|Any CPU.Build.0 = Release|Any CPU
	EndGlobalSection
	GlobalSection(SolutionProperties) = preSolution
		HideSolutionNode = FALSE
	EndGlobalSection
	GlobalSection(ExtensibilityGlobals) = postSolution
		SolutionGuid = {77F65BBB-A44F-4549-8315-3EBEF2B2CDCB}
	EndGlobalSection
EndGlobal
