
Microsoft Visual Studio Solution File, Format Version 12.00
# Visual Studio Version 16
VisualStudioVersion = 16.0.30523.141
MinimumVisualStudioVersion = 10.0.40219.1
Project("{FAE04EC0-301F-11D3-BF4B-00C04F79EFBC}") = "DecimalToBinary", "DecimalToBinary\DecimalToBinary.csproj", "{7DA58B67-91F4-4E0F-95E0-14751CA156F7}"
EndProject
Global
	GlobalSection(SolutionConfigurationPlatforms) = preSolution
		Debug|Any CPU = Debug|Any CPU
		Release|Any CPU = Release|Any CPU
	EndGlobalSection
	GlobalSection(ProjectConfigurationPlatforms) = postSolution
		{7DA58B67-91F4-4E0F-95E0-14751CA156F7}.Debug|Any CPU.ActiveCfg = Debug|Any CPU
		{7DA58B67-91F4-4E0F-95E0-14751CA156F7}.Debug|Any CPU.Build.0 = Debug|Any CPU
		{7DA58B67-91F4-4E0F-95E0-14751CA156F7}.Release|Any CPU.ActiveCfg = Release|Any CPU
		{7DA58B67-91F4-4E0F-95E0-14751CA156F7}.Release|Any CPU.Build.0 = Release|Any CPU
	EndGlobalSection
	GlobalSection(SolutionProperties) = preSolution
		HideSolutionNode = FALSE
	EndGlobalSection
	GlobalSection(ExtensibilityGlobals) = postSolution
		SolutionGuid = {B422D221-B868-44F9-961C-1C2FA4BA3B38}
	EndGlobalSection
EndGlobal
